// !$*UTF8*$!
{
	archiveVersion = 1;
	classes = {
	};
	objectVersion = 56;
	objects = {

/* Begin PBXBuildFile section */
		4D08517E2BFDC7910077D21B /* AppDelegate.swift in Sources */ = {isa = PBXBuildFile; fileRef = 4D08517D2BFDC7910077D21B /* AppDelegate.swift */; };
		4D0851802BFDC7910077D21B /* SceneDelegate.swift in Sources */ = {isa = PBXBuildFile; fileRef = 4D08517F2BFDC7910077D21B /* SceneDelegate.swift */; };
		4D0851822BFDC7910077D21B /* ViewController.swift in Sources */ = {isa = PBXBuildFile; fileRef = 4D0851812BFDC7910077D21B /* ViewController.swift */; };
		4D0851872BFDC7920077D21B /* Assets.xcassets in Resources */ = {isa = PBXBuildFile; fileRef = 4D0851862BFDC7920077D21B /* Assets.xcassets */; };
		4D08518A2BFDC7920077D21B /* LaunchScreen.storyboard in Resources */ = {isa = PBXBuildFile; fileRef = 4D0851882BFDC7920077D21B /* LaunchScreen.storyboard */; };
		4D0851922BFDC8220077D21B /* BluetoothSerial.swift in Sources */ = {isa = PBXBuildFile; fileRef = 4D0851912BFDC8220077D21B /* BluetoothSerial.swift */; };
		4D0851942BFDD49C0077D21B /* ScanViewController.swift in Sources */ = {isa = PBXBuildFile; fileRef = 4D0851932BFDD49C0077D21B /* ScanViewController.swift */; };
		4D0851972BFDD6B00077D21B /* SnapKit in Frameworks */ = {isa = PBXBuildFile; productRef = 4D0851962BFDD6B00077D21B /* SnapKit */; };
		4D0851992BFDD7680077D21B /* ScanTableCell.swift in Sources */ = {isa = PBXBuildFile; fileRef = 4D0851982BFDD7670077D21B /* ScanTableCell.swift */; };
		4D8BAB842BFF206F00BB26FD /* PeripheralViewController.swift in Sources */ = {isa = PBXBuildFile; fileRef = 4D8BAB832BFF206F00BB26FD /* PeripheralViewController.swift */; };
/* End PBXBuildFile section */

/* Begin PBXFileReference section */
		4D08517A2BFDC7910077D21B /* Example_Bluetooth.app */ = {isa = PBXFileReference; explicitFileType = wrapper.application; includeInIndex = 0; path = Example_Bluetooth.app; sourceTree = BUILT_PRODUCTS_DIR; };
		4D08517D2BFDC7910077D21B /* AppDelegate.swift */ = {isa = PBXFileReference; lastKnownFileType = sourcecode.swift; path = AppDelegate.swift; sourceTree = "<group>"; };
		4D08517F2BFDC7910077D21B /* SceneDelegate.swift */ = {isa = PBXFileReference; lastKnownFileType = sourcecode.swift; path = SceneDelegate.swift; sourceTree = "<group>"; };
		4D0851812BFDC7910077D21B /* ViewController.swift */ = {isa = PBXFileReference; lastKnownFileType = sourcecode.swift; path = ViewController.swift; sourceTree = "<group>"; };
		4D0851862BFDC7920077D21B /* Assets.xcassets */ = {isa = PBXFileReference; lastKnownFileType = folder.assetcatalog; path = Assets.xcassets; sourceTree = "<group>"; };
		4D0851892BFDC7920077D21B /* Base */ = {isa = PBXFileReference; lastKnownFileType = file.storyboard; name = Base; path = Base.lproj/LaunchScreen.storyboard; sourceTree = "<group>"; };
		4D08518B2BFDC7920077D21B /* Info.plist */ = {isa = PBXFileReference; lastKnownFileType = text.plist.xml; path = Info.plist; sourceTree = "<group>"; };
		4D0851912BFDC8220077D21B /* BluetoothSerial.swift */ = {isa = PBXFileReference; lastKnownFileType = sourcecode.swift; path = BluetoothSerial.swift; sourceTree = "<group>"; };
		4D0851932BFDD49C0077D21B /* ScanViewController.swift */ = {isa = PBXFileReference; lastKnownFileType = sourcecode.swift; path = ScanViewController.swift; sourceTree = "<group>"; };
		4D0851982BFDD7670077D21B /* ScanTableCell.swift */ = {isa = PBXFileReference; lastKnownFileType = sourcecode.swift; path = ScanTableCell.swift; sourceTree = "<group>"; };
		4D8BAB832BFF206F00BB26FD /* PeripheralViewController.swift */ = {isa = PBXFileReference; lastKnownFileType = sourcecode.swift; path = PeripheralViewController.swift; sourceTree = "<group>"; };
/* End PBXFileReference section */

/* Begin PBXFrameworksBuildPhase section */
		4D0851772BFDC7910077D21B /* Frameworks */ = {
			isa = PBXFrameworksBuildPhase;
			buildActionMask = 2147483647;
			files = (
				4D0851972BFDD6B00077D21B /* SnapKit in Frameworks */,
			);
			runOnlyForDeploymentPostprocessing = 0;
		};
/* End PBXFrameworksBuildPhase section */

/* Begin PBXGroup section */
		4D0851712BFDC7910077D21B = {
			isa = PBXGroup;
			children = (
				4D08517C2BFDC7910077D21B /* Example_Bluetooth */,
				4D08517B2BFDC7910077D21B /* Products */,
			);
			sourceTree = "<group>";
		};
		4D08517B2BFDC7910077D21B /* Products */ = {
			isa = PBXGroup;
			children = (
				4D08517A2BFDC7910077D21B /* Example_Bluetooth.app */,
			);
			name = Products;
			sourceTree = "<group>";
		};
		4D08517C2BFDC7910077D21B /* Example_Bluetooth */ = {
			isa = PBXGroup;
			children = (
				4D08517D2BFDC7910077D21B /* AppDelegate.swift */,
				4D08517F2BFDC7910077D21B /* SceneDelegate.swift */,
				4D0851812BFDC7910077D21B /* ViewController.swift */,
				4D0851932BFDD49C0077D21B /* ScanViewController.swift */,
				4D0851982BFDD7670077D21B /* ScanTableCell.swift */,
				4D0851912BFDC8220077D21B /* BluetoothSerial.swift */,
				4D8BAB832BFF206F00BB26FD /* PeripheralViewController.swift */,
				4D0851862BFDC7920077D21B /* Assets.xcassets */,
				4D0851882BFDC7920077D21B /* LaunchScreen.storyboard */,
				4D08518B2BFDC7920077D21B /* Info.plist */,
			);
			path = Example_Bluetooth;
			sourceTree = "<group>";
		};
/* End PBXGroup section */

/* Begin PBXNativeTarget section */
		4D0851792BFDC7910077D21B /* Example_Bluetooth */ = {
			isa = PBXNativeTarget;
			buildConfigurationList = 4D08518E2BFDC7920077D21B /* Build configuration list for PBXNativeTarget "Example_Bluetooth" */;
			buildPhases = (
				4D0851762BFDC7910077D21B /* Sources */,
				4D0851772BFDC7910077D21B /* Frameworks */,
				4D0851782BFDC7910077D21B /* Resources */,
			);
			buildRules = (
			);
			dependencies = (
			);
			name = Example_Bluetooth;
			packageProductDependencies = (
				4D0851962BFDD6B00077D21B /* SnapKit */,
			);
			productName = Example_Bluetooth;
			productReference = 4D08517A2BFDC7910077D21B /* Example_Bluetooth.app */;
			productType = "com.apple.product-type.application";
		};
/* End PBXNativeTarget section */

/* Begin PBXProject section */
		4D0851722BFDC7910077D21B /* Project object */ = {
			isa = PBXProject;
			attributes = {
				BuildIndependentTargetsInParallel = 1;
				LastSwiftUpdateCheck = 1510;
				LastUpgradeCheck = 1510;
				TargetAttributes = {
					4D0851792BFDC7910077D21B = {
						CreatedOnToolsVersion = 15.1;
					};
				};
			};
			buildConfigurationList = 4D0851752BFDC7910077D21B /* Build configuration list for PBXProject "Example_Bluetooth" */;
			compatibilityVersion = "Xcode 14.0";
			developmentRegion = en;
			hasScannedForEncodings = 0;
			knownRegions = (
				en,
				Base,
			);
			mainGroup = 4D0851712BFDC7910077D21B;
			packageReferences = (
				4D0851952BFDD6B00077D21B /* XCRemoteSwiftPackageReference "SnapKit" */,
			);
			productRefGroup = 4D08517B2BFDC7910077D21B /* Products */;
			projectDirPath = "";
			projectRoot = "";
			targets = (
				4D0851792BFDC7910077D21B /* Example_Bluetooth */,
			);
		};
/* End PBXProject section */

/* Begin PBXResourcesBuildPhase section */
		4D0851782BFDC7910077D21B /* Resources */ = {
			isa = PBXResourcesBuildPhase;
			buildActionMask = 2147483647;
			files = (
				4D08518A2BFDC7920077D21B /* LaunchScreen.storyboard in Resources */,
				4D0851872BFDC7920077D21B /* Assets.xcassets in Resources */,
			);
			runOnlyForDeploymentPostprocessing = 0;
		};
/* End PBXResourcesBuildPhase section */

/* Begin PBXSourcesBuildPhase section */
		4D0851762BFDC7910077D21B /* Sources */ = {
			isa = PBXSourcesBuildPhase;
			buildActionMask = 2147483647;
			files = (
				4D0851822BFDC7910077D21B /* ViewController.swift in Sources */,
				4D08517E2BFDC7910077D21B /* AppDelegate.swift in Sources */,
				4D0851942BFDD49C0077D21B /* ScanViewController.swift in Sources */,
				4D8BAB842BFF206F00BB26FD /* PeripheralViewController.swift in Sources */,
				4D0851922BFDC8220077D21B /* BluetoothSerial.swift in Sources */,
				4D0851802BFDC7910077D21B /* SceneDelegate.swift in Sources */,
				4D0851992BFDD7680077D21B /* ScanTableCell.swift in Sources */,
			);
			runOnlyForDeploymentPostprocessing = 0;
		};
/* End PBXSourcesBuildPhase section */

/* Begin PBXVariantGroup section */
		4D0851882BFDC7920077D21B /* LaunchScreen.storyboard */ = {
			isa = PBXVariantGroup;
			children = (
				4D0851892BFDC7920077D21B /* Base */,
			);
			name = LaunchScreen.storyboard;
			sourceTree = "<group>";
		};
/* End PBXVariantGroup section */

/* Begin XCBuildConfiguration section */
		4D08518C2BFDC7920077D21B /* Debug */ = {
			isa = XCBuildConfiguration;
			buildSettings = {
				ALWAYS_SEARCH_USER_PATHS = NO;
				ASSETCATALOG_COMPILER_GENERATE_SWIFT_ASSET_SYMBOL_EXTENSIONS = YES;
				CLANG_ANALYZER_NONNULL = YES;
				CLANG_ANALYZER_NUMBER_OBJECT_CONVERSION = YES_AGGRESSIVE;
				CLANG_CXX_LANGUAGE_STANDARD = "gnu++20";
				CLANG_ENABLE_MODULES = YES;
				CLANG_ENABLE_OBJC_ARC = YES;
				CLANG_ENABLE_OBJC_WEAK = YES;
				CLANG_WARN_BLOCK_CAPTURE_AUTORELEASING = YES;
				CLANG_WARN_BOOL_CONVERSION = YES;
				CLANG_WARN_COMMA = YES;
				CLANG_WARN_CONSTANT_CONVERSION = YES;
				CLANG_WARN_DEPRECATED_OBJC_IMPLEMENTATIONS = YES;
				CLANG_WARN_DIRECT_OBJC_ISA_USAGE = YES_ERROR;
				CLANG_WARN_DOCUMENTATION_COMMENTS = YES;
				CLANG_WARN_EMPTY_BODY = YES;
				CLANG_WARN_ENUM_CONVERSION = YES;
				CLANG_WARN_INFINITE_RECURSION = YES;
				CLANG_WARN_INT_CONVERSION = YES;
				CLANG_WARN_NON_LITERAL_NULL_CONVERSION = YES;
				CLANG_WARN_OBJC_IMPLICIT_RETAIN_SELF = YES;
				CLANG_WARN_OBJC_LITERAL_CONVERSION = YES;
				CLANG_WARN_OBJC_ROOT_CLASS = YES_ERROR;
				CLANG_WARN_QUOTED_INCLUDE_IN_FRAMEWORK_HEADER = YES;
				CLANG_WARN_RANGE_LOOP_ANALYSIS = YES;
				CLANG_WARN_STRICT_PROTOTYPES = YES;
				CLANG_WARN_SUSPICIOUS_MOVE = YES;
				CLANG_WARN_UNGUARDED_AVAILABILITY = YES_AGGRESSIVE;
				CLANG_WARN_UNREACHABLE_CODE = YES;
				CLANG_WARN__DUPLICATE_METHOD_MATCH = YES;
				COPY_PHASE_STRIP = NO;
				DEBUG_INFORMATION_FORMAT = dwarf;
				ENABLE_STRICT_OBJC_MSGSEND = YES;
				ENABLE_TESTABILITY = YES;
				ENABLE_USER_SCRIPT_SANDBOXING = YES;
				GCC_C_LANGUAGE_STANDARD = gnu17;
				GCC_DYNAMIC_NO_PIC = NO;
				GCC_NO_COMMON_BLOCKS = YES;
				GCC_OPTIMIZATION_LEVEL = 0;
				GCC_PREPROCESSOR_DEFINITIONS = (
					"DEBUG=1",
					"$(inherited)",
				);
				GCC_WARN_64_TO_32_BIT_CONVERSION = YES;
				GCC_WARN_ABOUT_RETURN_TYPE = YES_ERROR;
				GCC_WARN_UNDECLARED_SELECTOR = YES;
				GCC_WARN_UNINITIALIZED_AUTOS = YES_AGGRESSIVE;
				GCC_WARN_UNUSED_FUNCTION = YES;
				GCC_WARN_UNUSED_VARIABLE = YES;
				IPHONEOS_DEPLOYMENT_TARGET = 17.2;
				LOCALIZATION_PREFERS_STRING_CATALOGS = YES;
				MTL_ENABLE_DEBUG_INFO = INCLUDE_SOURCE;
				MTL_FAST_MATH = YES;
				ONLY_ACTIVE_ARCH = YES;
				SDKROOT = iphoneos;
				SWIFT_ACTIVE_COMPILATION_CONDITIONS = "DEBUG $(inherited)";
				SWIFT_OPTIMIZATION_LEVEL = "-Onone";
			};
			name = Debug;
		};
		4D08518D2BFDC7920077D21B /* Release */ = {
			isa = XCBuildConfiguration;
			buildSettings = {
				ALWAYS_SEARCH_USER_PATHS = NO;
				ASSETCATALOG_COMPILER_GENERATE_SWIFT_ASSET_SYMBOL_EXTENSIONS = YES;
				CLANG_ANALYZER_NONNULL = YES;
				CLANG_ANALYZER_NUMBER_OBJECT_CONVERSION = YES_AGGRESSIVE;
				CLANG_CXX_LANGUAGE_STANDARD = "gnu++20";
				CLANG_ENABLE_MODULES = YES;
				CLANG_ENABLE_OBJC_ARC = YES;
				CLANG_ENABLE_OBJC_WEAK = YES;
				CLANG_WARN_BLOCK_CAPTURE_AUTORELEASING = YES;
				CLANG_WARN_BOOL_CONVERSION = YES;
				CLANG_WARN_COMMA = YES;
				CLANG_WARN_CONSTANT_CONVERSION = YES;
				CLANG_WARN_DEPRECATED_OBJC_IMPLEMENTATIONS = YES;
				CLANG_WARN_DIRECT_OBJC_ISA_USAGE = YES_ERROR;
				CLANG_WARN_DOCUMENTATION_COMMENTS = YES;
				CLANG_WARN_EMPTY_BODY = YES;
				CLANG_WARN_ENUM_CONVERSION = YES;
				CLANG_WARN_INFINITE_RECURSION = YES;
				CLANG_WARN_INT_CONVERSION = YES;
				CLANG_WARN_NON_LITERAL_NULL_CONVERSION = YES;
				CLANG_WARN_OBJC_IMPLICIT_RETAIN_SELF = YES;
				CLANG_WARN_OBJC_LITERAL_CONVERSION = YES;
				CLANG_WARN_OBJC_ROOT_CLASS = YES_ERROR;
				CLANG_WARN_QUOTED_INCLUDE_IN_FRAMEWORK_HEADER = YES;
				CLANG_WARN_RANGE_LOOP_ANALYSIS = YES;
				CLANG_WARN_STRICT_PROTOTYPES = YES;
				CLANG_WARN_SUSPICIOUS_MOVE = YES;
				CLANG_WARN_UNGUARDED_AVAILABILITY = YES_AGGRESSIVE;
				CLANG_WARN_UNREACHABLE_CODE = YES;
				CLANG_WARN__DUPLICATE_METHOD_MATCH = YES;
				COPY_PHASE_STRIP = NO;
				DEBUG_INFORMATION_FORMAT = "dwarf-with-dsym";
				ENABLE_NS_ASSERTIONS = NO;
				ENABLE_STRICT_OBJC_MSGSEND = YES;
				ENABLE_USER_SCRIPT_SANDBOXING = YES;
				GCC_C_LANGUAGE_STANDARD = gnu17;
				GCC_NO_COMMON_BLOCKS = YES;
				GCC_WARN_64_TO_32_BIT_CONVERSION = YES;
				GCC_WARN_ABOUT_RETURN_TYPE = YES_ERROR;
				GCC_WARN_UNDECLARED_SELECTOR = YES;
				GCC_WARN_UNINITIALIZED_AUTOS = YES_AGGRESSIVE;
				GCC_WARN_UNUSED_FUNCTION = YES;
				GCC_WARN_UNUSED_VARIABLE = YES;
				IPHONEOS_DEPLOYMENT_TARGET = 17.2;
				LOCALIZATION_PREFERS_STRING_CATALOGS = YES;
				MTL_ENABLE_DEBUG_INFO = NO;
				MTL_FAST_MATH = YES;
				SDKROOT = iphoneos;
				SWIFT_COMPILATION_MODE = wholemodule;
				VALIDATE_PRODUCT = YES;
			};
			name = Release;
		};
		4D08518F2BFDC7920077D21B /* Debug */ = {
			isa = XCBuildConfiguration;
			buildSettings = {
				ASSETCATALOG_COMPILER_APPICON_NAME = AppIcon;
				ASSETCATALOG_COMPILER_GLOBAL_ACCENT_COLOR_NAME = AccentColor;
				CODE_SIGN_STYLE = Automatic;
				CURRENT_PROJECT_VERSION = 1;
				DEVELOPMENT_TEAM = T59N98762C;
				GENERATE_INFOPLIST_FILE = YES;
				INFOPLIST_FILE = Example_Bluetooth/Info.plist;
				INFOPLIST_KEY_UIApplicationSupportsIndirectInputEvents = YES;
				INFOPLIST_KEY_UILaunchStoryboardName = LaunchScreen;
				INFOPLIST_KEY_UISupportedInterfaceOrientations_iPad = "UIInterfaceOrientationPortrait UIInterfaceOrientationPortraitUpsideDown UIInterfaceOrientationLandscapeLeft UIInterfaceOrientationLandscapeRight";
				INFOPLIST_KEY_UISupportedInterfaceOrientations_iPhone = "UIInterfaceOrientationPortrait UIInterfaceOrientationLandscapeLeft UIInterfaceOrientationLandscapeRight";
				LD_RUNPATH_SEARCH_PATHS = (
					"$(inherited)",
					"@executable_path/Frameworks",
				);
				MARKETING_VERSION = 1.0;
				PRODUCT_BUNDLE_IDENTIFIER = "com.exampleaa.Example-Bluetooth";
				PRODUCT_NAME = "$(TARGET_NAME)";
				SWIFT_EMIT_LOC_STRINGS = YES;
				SWIFT_VERSION = 5.0;
				TARGETED_DEVICE_FAMILY = "1,2";
			};
			name = Debug;
		};
		4D0851902BFDC7920077D21B /* Release */ = {
			isa = XCBuildConfiguration;
			buildSettings = {
				ASSETCATALOG_COMPILER_APPICON_NAME = AppIcon;
				ASSETCATALOG_COMPILER_GLOBAL_ACCENT_COLOR_NAME = AccentColor;
				CODE_SIGN_STYLE = Automatic;
				CURRENT_PROJECT_VERSION = 1;
				DEVELOPMENT_TEAM = T59N98762C;
				GENERATE_INFOPLIST_FILE = YES;
				INFOPLIST_FILE = Example_Bluetooth/Info.plist;
				INFOPLIST_KEY_UIApplicationSupportsIndirectInputEvents = YES;
				INFOPLIST_KEY_UILaunchStoryboardName = LaunchScreen;
				INFOPLIST_KEY_UISupportedInterfaceOrientations_iPad = "UIInterfaceOrientationPortrait UIInterfaceOrientationPortraitUpsideDown UIInterfaceOrientationLandscapeLeft UIInterfaceOrientationLandscapeRight";
				INFOPLIST_KEY_UISupportedInterfaceOrientations_iPhone = "UIInterfaceOrientationPortrait UIInterfaceOrientationLandscapeLeft UIInterfaceOrientationLandscapeRight";
				LD_RUNPATH_SEARCH_PATHS = (
					"$(inherited)",
					"@executable_path/Frameworks",
				);
				MARKETING_VERSION = 1.0;
				PRODUCT_BUNDLE_IDENTIFIER = "com.exampleaa.Example-Bluetooth";
				PRODUCT_NAME = "$(TARGET_NAME)";
				SWIFT_EMIT_LOC_STRINGS = YES;
				SWIFT_VERSION = 5.0;
				TARGETED_DEVICE_FAMILY = "1,2";
			};
			name = Release;
		};
/* End XCBuildConfiguration section */

/* Begin XCConfigurationList section */
		4D0851752BFDC7910077D21B /* Build configuration list for PBXProject "Example_Bluetooth" */ = {
			isa = XCConfigurationList;
			buildConfigurations = (
				4D08518C2BFDC7920077D21B /* Debug */,
				4D08518D2BFDC7920077D21B /* Release */,
			);
			defaultConfigurationIsVisible = 0;
			defaultConfigurationName = Release;
		};
		4D08518E2BFDC7920077D21B /* Build configuration list for PBXNativeTarget "Example_Bluetooth" */ = {
			isa = XCConfigurationList;
			buildConfigurations = (
				4D08518F2BFDC7920077D21B /* Debug */,
				4D0851902BFDC7920077D21B /* Release */,
			);
			defaultConfigurationIsVisible = 0;
			defaultConfigurationName = Release;
		};
/* End XCConfigurationList section */

/* Begin XCRemoteSwiftPackageReference section */
		4D0851952BFDD6B00077D21B /* XCRemoteSwiftPackageReference "SnapKit" */ = {
			isa = XCRemoteSwiftPackageReference;
			repositoryURL = "https://github.com/SnapKit/SnapKit";
			requirement = {
				kind = upToNextMajorVersion;
				minimumVersion = 5.7.1;
			};
		};
/* End XCRemoteSwiftPackageReference section */

/* Begin XCSwiftPackageProductDependency section */
		4D0851962BFDD6B00077D21B /* SnapKit */ = {
			isa = XCSwiftPackageProductDependency;
			package = 4D0851952BFDD6B00077D21B /* XCRemoteSwiftPackageReference "SnapKit" */;
			productName = SnapKit;
		};
/* End XCSwiftPackageProductDependency section */
	};
	rootObject = 4D0851722BFDC7910077D21B /* Project object */;
}
